
Microsoft Visual Studio Solution File, Format Version 12.00
# Visual Studio 14
VisualStudioVersion = 14.0.25420.1
MinimumVisualStudioVersion = 10.0.40219.1
Project("{8BC9CEB8-8B4A-11D0-8D11-00A0C91BC942}") = "BillingTool", "BillingTool\BillingTool.vcxproj", "{05F2D6A1-B048-4062-8063-F34C19CAF41A}"
EndProject
Project("{8BC9CEB8-8B4A-11D0-8D11-00A0C91BC942}") = "CreditDispatch", "Plugins\CreditDispatch\CreditDispatch.vcxproj", "{9793FD66-F508-43AF-9F5C-25C2BE484EA1}"
EndProject
Project("{8BC9CEB8-8B4A-11D0-8D11-00A0C91BC942}") = "CreditOrderSender", "Plugins\CreditOrderSender\CreditOrderSender.vcxproj", "{8CA417F3-419E-42FA-BAC3-39E1FF9F9B1C}"
EndProject
Project("{8BC9CEB8-8B4A-11D0-8D11-00A0C91BC942}") = "BefAccAdjust", "Plugins\BefAccAjust\BefAccAjust.vcxproj", "{5D616276-B5B2-47BB-8C25-2D9322E522CD}"
EndProject
Project("{8BC9CEB8-8B4A-11D0-8D11-00A0C91BC942}") = "AftAccAdjust", "Plugins\AftAcctAdjust\AftAcctAdjust.vcxproj", "{9DFF3726-AFBC-4003-BAF1-632894034779}"
EndProject
Project("{8BC9CEB8-8B4A-11D0-8D11-00A0C91BC942}") = "PrefeeRestore", "Plugins\PrefeeRestore\PrefeeRestore.vcxproj", "{9FAFBFA9-4256-4A80-BBFD-726CF7C8C72E}"
EndProject
Project("{8BC9CEB8-8B4A-11D0-8D11-00A0C91BC942}") = "CreditDegree", "Plugins\CreditDegree\CreditDegree.vcxproj", "{CA83B810-76C7-494E-AF10-1B9953FF68FA}"
EndProject
Project("{8BC9CEB8-8B4A-11D0-8D11-00A0C91BC942}") = "Predeal", "Plugins\Predeal\Predeal.vcxproj", "{446824EC-EA9D-4186-A7BC-9132FB78259F}"
EndProject
Global
	GlobalSection(SolutionConfigurationPlatforms) = preSolution
		Debug|x64 = Debug|x64
		Debug|x86 = Debug|x86
		Release|x64 = Release|x64
		Release|x86 = Release|x86
	EndGlobalSection
	GlobalSection(ProjectConfigurationPlatforms) = postSolution
		{05F2D6A1-B048-4062-8063-F34C19CAF41A}.Debug|x64.ActiveCfg = Debug|x64
		{05F2D6A1-B048-4062-8063-F34C19CAF41A}.Debug|x64.Build.0 = Debug|x64
		{05F2D6A1-B048-4062-8063-F34C19CAF41A}.Debug|x86.ActiveCfg = Debug|Win32
		{05F2D6A1-B048-4062-8063-F34C19CAF41A}.Debug|x86.Build.0 = Debug|Win32
		{05F2D6A1-B048-4062-8063-F34C19CAF41A}.Release|x64.ActiveCfg = Release|x64
		{05F2D6A1-B048-4062-8063-F34C19CAF41A}.Release|x64.Build.0 = Release|x64
		{05F2D6A1-B048-4062-8063-F34C19CAF41A}.Release|x86.ActiveCfg = Release|Win32
		{05F2D6A1-B048-4062-8063-F34C19CAF41A}.Release|x86.Build.0 = Release|Win32
		{9793FD66-F508-43AF-9F5C-25C2BE484EA1}.Debug|x64.ActiveCfg = Debug|x64
		{9793FD66-F508-43AF-9F5C-25C2BE484EA1}.Debug|x64.Build.0 = Debug|x64
		{9793FD66-F508-43AF-9F5C-25C2BE484EA1}.Debug|x86.ActiveCfg = Debug|Win32
		{9793FD66-F508-43AF-9F5C-25C2BE484EA1}.Debug|x86.Build.0 = Debug|Win32
		{9793FD66-F508-43AF-9F5C-25C2BE484EA1}.Release|x64.ActiveCfg = Release|x64
		{9793FD66-F508-43AF-9F5C-25C2BE484EA1}.Release|x64.Build.0 = Release|x64
		{9793FD66-F508-43AF-9F5C-25C2BE484EA1}.Release|x86.ActiveCfg = Release|Win32
		{9793FD66-F508-43AF-9F5C-25C2BE484EA1}.Release|x86.Build.0 = Release|Win32
		{8CA417F3-419E-42FA-BAC3-39E1FF9F9B1C}.Debug|x64.ActiveCfg = Debug|x64
		{8CA417F3-419E-42FA-BAC3-39E1FF9F9B1C}.Debug|x64.Build.0 = Debug|x64
		{8CA417F3-419E-42FA-BAC3-39E1FF9F9B1C}.Debug|x86.ActiveCfg = Debug|Win32
		{8CA417F3-419E-42FA-BAC3-39E1FF9F9B1C}.Debug|x86.Build.0 = Debug|Win32
		{8CA417F3-419E-42FA-BAC3-39E1FF9F9B1C}.Release|x64.ActiveCfg = Release|x64
		{8CA417F3-419E-42FA-BAC3-39E1FF9F9B1C}.Release|x64.Build.0 = Release|x64
		{8CA417F3-419E-42FA-BAC3-39E1FF9F9B1C}.Release|x86.ActiveCfg = Release|Win32
		{8CA417F3-419E-42FA-BAC3-39E1FF9F9B1C}.Release|x86.Build.0 = Release|Win32
		{5D616276-B5B2-47BB-8C25-2D9322E522CD}.Debug|x64.ActiveCfg = Debug|x64
		{5D616276-B5B2-47BB-8C25-2D9322E522CD}.Debug|x64.Build.0 = Debug|x64
		{5D616276-B5B2-47BB-8C25-2D9322E522CD}.Debug|x86.ActiveCfg = Debug|Win32
		{5D616276-B5B2-47BB-8C25-2D9322E522CD}.Debug|x86.Build.0 = Debug|Win32
		{5D616276-B5B2-47BB-8C25-2D9322E522CD}.Release|x64.ActiveCfg = Release|x64
		{5D616276-B5B2-47BB-8C25-2D9322E522CD}.Release|x64.Build.0 = Release|x64
		{5D616276-B5B2-47BB-8C25-2D9322E522CD}.Release|x86.ActiveCfg = Release|Win32
		{5D616276-B5B2-47BB-8C25-2D9322E522CD}.Release|x86.Build.0 = Release|Win32
		{9DFF3726-AFBC-4003-BAF1-632894034779}.Debug|x64.ActiveCfg = Debug|x64
		{9DFF3726-AFBC-4003-BAF1-632894034779}.Debug|x64.Build.0 = Debug|x64
		{9DFF3726-AFBC-4003-BAF1-632894034779}.Debug|x86.ActiveCfg = Debug|Win32
		{9DFF3726-AFBC-4003-BAF1-632894034779}.Debug|x86.Build.0 = Debug|Win32
		{9DFF3726-AFBC-4003-BAF1-632894034779}.Release|x64.ActiveCfg = Release|x64
		{9DFF3726-AFBC-4003-BAF1-632894034779}.Release|x64.Build.0 = Release|x64
		{9DFF3726-AFBC-4003-BAF1-632894034779}.Release|x86.ActiveCfg = Release|Win32
		{9DFF3726-AFBC-4003-BAF1-632894034779}.Release|x86.Build.0 = Release|Win32
		{9FAFBFA9-4256-4A80-BBFD-726CF7C8C72E}.Debug|x64.ActiveCfg = Debug|x64
		{9FAFBFA9-4256-4A80-BBFD-726CF7C8C72E}.Debug|x64.Build.0 = Debug|x64
		{9FAFBFA9-4256-4A80-BBFD-726CF7C8C72E}.Debug|x86.ActiveCfg = Debug|Win32
		{9FAFBFA9-4256-4A80-BBFD-726CF7C8C72E}.Debug|x86.Build.0 = Debug|Win32
		{9FAFBFA9-4256-4A80-BBFD-726CF7C8C72E}.Release|x64.ActiveCfg = Release|x64
		{9FAFBFA9-4256-4A80-BBFD-726CF7C8C72E}.Release|x64.Build.0 = Release|x64
		{9FAFBFA9-4256-4A80-BBFD-726CF7C8C72E}.Release|x86.ActiveCfg = Release|Win32
		{9FAFBFA9-4256-4A80-BBFD-726CF7C8C72E}.Release|x86.Build.0 = Release|Win32
		{CA83B810-76C7-494E-AF10-1B9953FF68FA}.Debug|x64.ActiveCfg = Debug|x64
		{CA83B810-76C7-494E-AF10-1B9953FF68FA}.Debug|x64.Build.0 = Debug|x64
		{CA83B810-76C7-494E-AF10-1B9953FF68FA}.Debug|x86.ActiveCfg = Debug|Win32
		{CA83B810-76C7-494E-AF10-1B9953FF68FA}.Debug|x86.Build.0 = Debug|Win32
		{CA83B810-76C7-494E-AF10-1B9953FF68FA}.Release|x64.ActiveCfg = Release|x64
		{CA83B810-76C7-494E-AF10-1B9953FF68FA}.Release|x64.Build.0 = Release|x64
		{CA83B810-76C7-494E-AF10-1B9953FF68FA}.Release|x86.ActiveCfg = Release|Win32
		{CA83B810-76C7-494E-AF10-1B9953FF68FA}.Release|x86.Build.0 = Release|Win32
		{446824EC-EA9D-4186-A7BC-9132FB78259F}.Debug|x64.ActiveCfg = Debug|x64
		{446824EC-EA9D-4186-A7BC-9132FB78259F}.Debug|x64.Build.0 = Debug|x64
		{446824EC-EA9D-4186-A7BC-9132FB78259F}.Debug|x86.ActiveCfg = Debug|Win32
		{446824EC-EA9D-4186-A7BC-9132FB78259F}.Debug|x86.Build.0 = Debug|Win32
		{446824EC-EA9D-4186-A7BC-9132FB78259F}.Release|x64.ActiveCfg = Release|x64
		{446824EC-EA9D-4186-A7BC-9132FB78259F}.Release|x64.Build.0 = Release|x64
		{446824EC-EA9D-4186-A7BC-9132FB78259F}.Release|x86.ActiveCfg = Release|Win32
		{446824EC-EA9D-4186-A7BC-9132FB78259F}.Release|x86.Build.0 = Release|Win32
	EndGlobalSection
	GlobalSection(SolutionProperties) = preSolution
		HideSolutionNode = FALSE
	EndGlobalSection
EndGlobal
